// !$*UTF8*$!
{
	archiveVersion = 1;
	classes = {
	};
	objectVersion = 77;
	objects = {

/* Begin PBXBuildFile section */
		41093C252F69A8AF00032EBE /* splash.mp4 in Resources */ = {isa = PBXBuildFile; fileRef = 41093C242F69A8AF00032EBE /* splash.mp4 */; };
		41B454022F74342400AA272A /* StripePaymentSheet in Frameworks */ = {isa = PBXBuildFile; productRef = 41B454012F74342400AA272A /* StripePaymentSheet */; };
/* End PBXBuildFile section */

/* Begin PBXContainerItemProxy section */
		4195CC5C2F4C94E30068C5F2 /* PBXContainerItemProxy */ = {
			isa = PBXContainerItemProxy;
			containerPortal = 4195CC432F4C94E20068C5F2 /* Project object */;
			proxyType = 1;
			remoteGlobalIDString = 4195CC4A2F4C94E20068C5F2;
			remoteInfo = BookadinkV2;
		};
		4195CC662F4C94E30068C5F2 /* PBXContainerItemProxy */ = {
			isa = PBXContainerItemProxy;
			containerPortal = 4195CC432F4C94E20068C5F2 /* Project object */;
			proxyType = 1;
			remoteGlobalIDString = 4195CC4A2F4C94E20068C5F2;
			remoteInfo = BookadinkV2;
		};
/* End PBXContainerItemProxy section */

/* Begin PBXFileReference section */
		41093C242F69A8AF00032EBE /* splash.mp4 */ = {isa = PBXFileReference; lastKnownFileType = file; path = splash.mp4; sourceTree = "<group>"; };
		4195CC4B2F4C94E20068C5F2 /* BookadinkV2.app */ = {isa = PBXFileReference; explicitFileType = wrapper.application; includeInIndex = 0; path = BookadinkV2.app; sourceTree = BUILT_PRODUCTS_DIR; };
		4195CC5B2F4C94E30068C5F2 /* BookadinkV2Tests.xctest */ = {isa = PBXFileReference; explicitFileType = wrapper.cfbundle; includeInIndex = 0; path = BookadinkV2Tests.xctest; sourceTree = BUILT_PRODUCTS_DIR; };
		4195CC652F4C94E30068C5F2 /* BookadinkV2UITests.xctest */ = {isa = PBXFileReference; explicitFileType = wrapper.cfbundle; includeInIndex = 0; path = BookadinkV2UITests.xctest; sourceTree = BUILT_PRODUCTS_DIR; };
/* End PBXFileReference section */

/* Begin PBXFileSystemSynchronizedBuildFileExceptionSet section */
		41FA6DD52F5E3E4D00DB541D /* Exceptions for "BookadinkV2" folder in "BookadinkV2" target */ = {
			isa = PBXFileSystemSynchronizedBuildFileExceptionSet;
			membershipExceptions = (
				Info.plist,
			);
			target = 4195CC4A2F4C94E20068C5F2 /* BookadinkV2 */;
		};
/* End PBXFileSystemSynchronizedBuildFileExceptionSet section */

/* Begin PBXFileSystemSynchronizedRootGroup section */
		4195CC4D2F4C94E20068C5F2 /* BookadinkV2 */ = {
			isa = PBXFileSystemSynchronizedRootGroup;
			exceptions = (
				41FA6DD52F5E3E4D00DB541D /* Exceptions for "BookadinkV2" folder in "BookadinkV2" target */,
			);
			path = BookadinkV2;
			sourceTree = "<group>";
		};
		4195CC5E2F4C94E30068C5F2 /* BookadinkV2Tests */ = {
			isa = PBXFileSystemSynchronizedRootGroup;
			path = BookadinkV2Tests;
			sourceTree = "<group>";
		};
		4195CC682F4C94E30068C5F2 /* BookadinkV2UITests */ = {
			isa = PBXFileSystemSynchronizedRootGroup;
			path = BookadinkV2UITests;
			sourceTree = "<group>";
		};
/* End PBXFileSystemSynchronizedRootGroup section */

/* Begin PBXFrameworksBuildPhase section */
		4195CC482F4C94E20068C5F2 /* Frameworks */ = {
			isa = PBXFrameworksBuildPhase;
			buildActionMask = 2147483647;
			files = (
				41B454022F74342400AA272A /* StripePaymentSheet in Frameworks */,
			);
			runOnlyForDeploymentPostprocessing = 0;
		};
		4195CC582F4C94E30068C5F2 /* Frameworks */ = {
			isa = PBXFrameworksBuildPhase;
			buildActionMask = 2147483647;
			files = (
			);
			runOnlyForDeploymentPostprocessing = 0;
		};
		4195CC622F4C94E30068C5F2 /* Frameworks */ = {
			isa = PBXFrameworksBuildPhase;
			buildActionMask = 2147483647;
			files = (
			);
			runOnlyForDeploymentPostprocessing = 0;
		};
/* End PBXFrameworksBuildPhase section */

/* Begin PBXGroup section */
		4195CC422F4C94E20068C5F2 = {
			isa = PBXGroup;
			children = (
				4195CC4D2F4C94E20068C5F2 /* BookadinkV2 */,
				4195CC5E2F4C94E30068C5F2 /* BookadinkV2Tests */,
				4195CC682F4C94E30068C5F2 /* BookadinkV2UITests */,
				4195CC4C2F4C94E20068C5F2 /* Products */,
				41093C242F69A8AF00032EBE /* splash.mp4 */,
				41B454002F74342400AA272A /* Frameworks */,
			);
			sourceTree = "<group>";
		};
		4195CC4C2F4C94E20068C5F2 /* Products */ = {
			isa = PBXGroup;
			children = (
				4195CC4B2F4C94E20068C5F2 /* BookadinkV2.app */,
				4195CC5B2F4C94E30068C5F2 /* BookadinkV2Tests.xctest */,
				4195CC652F4C94E30068C5F2 /* BookadinkV2UITests.xctest */,
			);
			name = Products;
			sourceTree = "<group>";
		};
		41B454002F74342400AA272A /* Frameworks */ = {
			isa = PBXGroup;
			children = (
			);
			name = Frameworks;
			sourceTree = "<group>";
		};
/* End PBXGroup section */

/* Begin PBXNativeTarget section */
		4195CC4A2F4C94E20068C5F2 /* BookadinkV2 */ = {
			isa = PBXNativeTarget;
			buildConfigurationList = 4195CC6F2F4C94E30068C5F2 /* Build configuration list for PBXNativeTarget "BookadinkV2" */;
			buildPhases = (
				4195CC472F4C94E20068C5F2 /* Sources */,
				4195CC482F4C94E20068C5F2 /* Frameworks */,
				4195CC492F4C94E20068C5F2 /* Resources */,
			);
			buildRules = (
			);
			dependencies = (
			);
			fileSystemSynchronizedGroups = (
				4195CC4D2F4C94E20068C5F2 /* BookadinkV2 */,
			);
			name = BookadinkV2;
			packageProductDependencies = (
				41B454012F74342400AA272A /* StripePaymentSheet */,
			);
			productName = BookadinkV2;
			productReference = 4195CC4B2F4C94E20068C5F2 /* BookadinkV2.app */;
			productType = "com.apple.product-type.application";
		};
		4195CC5A2F4C94E30068C5F2 /* BookadinkV2Tests */ = {
			isa = PBXNativeTarget;
			buildConfigurationList = 4195CC722F4C94E30068C5F2 /* Build configuration list for PBXNativeTarget "BookadinkV2Tests" */;
			buildPhases = (
				4195CC572F4C94E30068C5F2 /* Sources */,
				4195CC582F4C94E30068C5F2 /* Frameworks */,
				4195CC592F4C94E30068C5F2 /* Resources */,
			);
			buildRules = (
			);
			dependencies = (
				4195CC5D2F4C94E30068C5F2 /* PBXTargetDependency */,
			);
			fileSystemSynchronizedGroups = (
				4195CC5E2F4C94E30068C5F2 /* BookadinkV2Tests */,
			);
			name = BookadinkV2Tests;
			packageProductDependencies = (
			);
			productName = BookadinkV2Tests;
			productReference = 4195CC5B2F4C94E30068C5F2 /* BookadinkV2Tests.xctest */;
			productType = "com.apple.product-type.bundle.unit-test";
		};
		4195CC642F4C94E30068C5F2 /* BookadinkV2UITests */ = {
			isa = PBXNativeTarget;
			buildConfigurationList = 4195CC752F4C94E30068C5F2 /* Build configuration list for PBXNativeTarget "BookadinkV2UITests" */;
			buildPhases = (
				4195CC612F4C94E30068C5F2 /* Sources */,
				4195CC622F4C94E30068C5F2 /* Frameworks */,
				4195CC632F4C94E30068C5F2 /* Resources */,
			);
			buildRules = (
			);
			dependencies = (
				4195CC672F4C94E30068C5F2 /* PBXTargetDependency */,
			);
			fileSystemSynchronizedGroups = (
				4195CC682F4C94E30068C5F2 /* BookadinkV2UITests */,
			);
			name = BookadinkV2UITests;
			packageProductDependencies = (
			);
			productName = BookadinkV2UITests;
			productReference = 4195CC652F4C94E30068C5F2 /* BookadinkV2UITests.xctest */;
			productType = "com.apple.product-type.bundle.ui-testing";
		};
/* End PBXNativeTarget section */

/* Begin PBXProject section */
		4195CC432F4C94E20068C5F2 /* Project object */ = {
			isa = PBXProject;
			attributes = {
				BuildIndependentTargetsInParallel = 1;
				LastSwiftUpdateCheck = 1620;
				LastUpgradeCheck = 1620;
				TargetAttributes = {
					4195CC4A2F4C94E20068C5F2 = {
						CreatedOnToolsVersion = 16.2;
					};
					4195CC5A2F4C94E30068C5F2 = {
						CreatedOnToolsVersion = 16.2;
						TestTargetID = 4195CC4A2F4C94E20068C5F2;
					};
					4195CC642F4C94E30068C5F2 = {
						CreatedOnToolsVersion = 16.2;
						TestTargetID = 4195CC4A2F4C94E20068C5F2;
					};
				};
			};
			buildConfigurationList = 4195CC462F4C94E20068C5F2 /* Build configuration list for PBXProject "BookadinkV2" */;
			developmentRegion = en;
			hasScannedForEncodings = 0;
			knownRegions = (
				en,
				Base,
			);
			mainGroup = 4195CC422F4C94E20068C5F2;
			minimizedProjectReferenceProxies = 1;
			packageReferences = (
				41B453FF2F74307800AA272A /* XCRemoteSwiftPackageReference "stripe-ios" */,
			);
			preferredProjectObjectVersion = 77;
			productRefGroup = 4195CC4C2F4C94E20068C5F2 /* Products */;
			projectDirPath = "";
			projectRoot = "";
			targets = (
				4195CC4A2F4C94E20068C5F2 /* BookadinkV2 */,
				4195CC5A2F4C94E30068C5F2 /* BookadinkV2Tests */,
				4195CC642F4C94E30068C5F2 /* BookadinkV2UITests */,
			);
		};
/* End PBXProject section */

/* Begin PBXResourcesBuildPhase section */
		4195CC492F4C94E20068C5F2 /* Resources */ = {
			isa = PBXResourcesBuildPhase;
			buildActionMask = 2147483647;
			files = (
				41093C252F69A8AF00032EBE /* splash.mp4 in Resources */,
			);
			runOnlyForDeploymentPostprocessing = 0;
		};
		4195CC592F4C94E30068C5F2 /* Resources */ = {
			isa = PBXResourcesBuildPhase;
			buildActionMask = 2147483647;
			files = (
			);
			runOnlyForDeploymentPostprocessing = 0;
		};
		4195CC632F4C94E30068C5F2 /* Resources */ = {
			isa = PBXResourcesBuildPhase;
			buildActionMask = 2147483647;
			files = (
			);
			runOnlyForDeploymentPostprocessing = 0;
		};
/* End PBXResourcesBuildPhase section */

/* Begin PBXSourcesBuildPhase section */
		4195CC472F4C94E20068C5F2 /* Sources */ = {
			isa = PBXSourcesBuildPhase;
			buildActionMask = 2147483647;
			files = (
			);
			runOnlyForDeploymentPostprocessing = 0;
		};
		4195CC572F4C94E30068C5F2 /* Sources */ = {
			isa = PBXSourcesBuildPhase;
			buildActionMask = 2147483647;
			files = (
			);
			runOnlyForDeploymentPostprocessing = 0;
		};
		4195CC612F4C94E30068C5F2 /* Sources */ = {
			isa = PBXSourcesBuildPhase;
			buildActionMask = 2147483647;
			files = (
			);
			runOnlyForDeploymentPostprocessing = 0;
		};
/* End PBXSourcesBuildPhase section */

/* Begin PBXTargetDependency section */
		4195CC5D2F4C94E30068C5F2 /* PBXTargetDependency */ = {
			isa = PBXTargetDependency;
			target = 4195CC4A2F4C94E20068C5F2 /* BookadinkV2 */;
			targetProxy = 4195CC5C2F4C94E30068C5F2 /* PBXContainerItemProxy */;
		};
		4195CC672F4C94E30068C5F2 /* PBXTargetDependency */ = {
			isa = PBXTargetDependency;
			target = 4195CC4A2F4C94E20068C5F2 /* BookadinkV2 */;
			targetProxy = 4195CC662F4C94E30068C5F2 /* PBXContainerItemProxy */;
		};
/* End PBXTargetDependency section */

/* Begin XCBuildConfiguration section */
		4195CC6D2F4C94E30068C5F2 /* Debug */ = {
			isa = XCBuildConfiguration;
			buildSettings = {
				ALWAYS_SEARCH_USER_PATHS = NO;
				ASSETCATALOG_COMPILER_GENERATE_SWIFT_ASSET_SYMBOL_EXTENSIONS = YES;
				CLANG_ANALYZER_NONNULL = YES;
				CLANG_ANALYZER_NUMBER_OBJECT_CONVERSION = YES_AGGRESSIVE;
				CLANG_CXX_LANGUAGE_STANDARD = "gnu++20";
				CLANG_ENABLE_MODULES = YES;
				CLANG_ENABLE_OBJC_ARC = YES;
				CLANG_ENABLE_OBJC_WEAK = YES;
				CLANG_WARN_BLOCK_CAPTURE_AUTORELEASING = YES;
				CLANG_WARN_BOOL_CONVERSION = YES;
				CLANG_WARN_COMMA = YES;
				CLANG_WARN_CONSTANT_CONVERSION = YES;
				CLANG_WARN_DEPRECATED_OBJC_IMPLEMENTATIONS = YES;
				CLANG_WARN_DIRECT_OBJC_ISA_USAGE = YES_ERROR;
				CLANG_WARN_DOCUMENTATION_COMMENTS = YES;
				CLANG_WARN_EMPTY_BODY = YES;
				CLANG_WARN_ENUM_CONVERSION = YES;
				CLANG_WARN_INFINITE_RECURSION = YES;
				CLANG_WARN_INT_CONVERSION = YES;
				CLANG_WARN_NON_LITERAL_NULL_CONVERSION = YES;
				CLANG_WARN_OBJC_IMPLICIT_RETAIN_SELF = YES;
				CLANG_WARN_OBJC_LITERAL_CONVERSION = YES;
				CLANG_WARN_OBJC_ROOT_CLASS = YES_ERROR;
				CLANG_WARN_QUOTED_INCLUDE_IN_FRAMEWORK_HEADER = YES;
				CLANG_WARN_RANGE_LOOP_ANALYSIS = YES;
				CLANG_WARN_STRICT_PROTOTYPES = YES;
				CLANG_WARN_SUSPICIOUS_MOVE = YES;
				CLANG_WARN_UNGUARDED_AVAILABILITY = YES_AGGRESSIVE;
				CLANG_WARN_UNREACHABLE_CODE = YES;
				CLANG_WARN__DUPLICATE_METHOD_MATCH = YES;
				COPY_PHASE_STRIP = NO;
				DEBUG_INFORMATION_FORMAT = dwarf;
				ENABLE_STRICT_OBJC_MSGSEND = YES;
				ENABLE_TESTABILITY = YES;
				ENABLE_USER_SCRIPT_SANDBOXING = YES;
				GCC_C_LANGUAGE_STANDARD = gnu17;
				GCC_DYNAMIC_NO_PIC = NO;
				GCC_NO_COMMON_BLOCKS = YES;
				GCC_OPTIMIZATION_LEVEL = 0;
				GCC_PREPROCESSOR_DEFINITIONS = (
					"DEBUG=1",
					"$(inherited)",
				);
				GCC_WARN_64_TO_32_BIT_CONVERSION = YES;
				GCC_WARN_ABOUT_RETURN_TYPE = YES_ERROR;
				GCC_WARN_UNDECLARED_SELECTOR = YES;
				GCC_WARN_UNINITIALIZED_AUTOS = YES_AGGRESSIVE;
				GCC_WARN_UNUSED_FUNCTION = YES;
				GCC_WARN_UNUSED_VARIABLE = YES;
				IPHONEOS_DEPLOYMENT_TARGET = 18.2;
				LOCALIZATION_PREFERS_STRING_CATALOGS = YES;
				MTL_ENABLE_DEBUG_INFO = INCLUDE_SOURCE;
				MTL_FAST_MATH = YES;
				ONLY_ACTIVE_ARCH = YES;
				SDKROOT = iphoneos;
				SWIFT_ACTIVE_COMPILATION_CONDITIONS = "DEBUG $(inherited)";
				SWIFT_OPTIMIZATION_LEVEL = "-Onone";
			};
			name = Debug;
		};
		4195CC6E2F4C94E30068C5F2 /* Release */ = {
			isa = XCBuildConfiguration;
			buildSettings = {
				ALWAYS_SEARCH_USER_PATHS = NO;
				ASSETCATALOG_COMPILER_GENERATE_SWIFT_ASSET_SYMBOL_EXTENSIONS = YES;
				CLANG_ANALYZER_NONNULL = YES;
				CLANG_ANALYZER_NUMBER_OBJECT_CONVERSION = YES_AGGRESSIVE;
				CLANG_CXX_LANGUAGE_STANDARD = "gnu++20";
				CLANG_ENABLE_MODULES = YES;
				CLANG_ENABLE_OBJC_ARC = YES;
				CLANG_ENABLE_OBJC_WEAK = YES;
				CLANG_WARN_BLOCK_CAPTURE_AUTORELEASING = YES;
				CLANG_WARN_BOOL_CONVERSION = YES;
				CLANG_WARN_COMMA = YES;
				CLANG_WARN_CONSTANT_CONVERSION = YES;
				CLANG_WARN_DEPRECATED_OBJC_IMPLEMENTATIONS = YES;
				CLANG_WARN_DIRECT_OBJC_ISA_USAGE = YES_ERROR;
				CLANG_WARN_DOCUMENTATION_COMMENTS = YES;
				CLANG_WARN_EMPTY_BODY = YES;
				CLANG_WARN_ENUM_CONVERSION = YES;
				CLANG_WARN_INFINITE_RECURSION = YES;
				CLANG_WARN_INT_CONVERSION = YES;
				CLANG_WARN_NON_LITERAL_NULL_CONVERSION = YES;
				CLANG_WARN_OBJC_IMPLICIT_RETAIN_SELF = YES;
				CLANG_WARN_OBJC_LITERAL_CONVERSION = YES;
				CLANG_WARN_OBJC_ROOT_CLASS = YES_ERROR;
				CLANG_WARN_QUOTED_INCLUDE_IN_FRAMEWORK_HEADER = YES;
				CLANG_WARN_RANGE_LOOP_ANALYSIS = YES;
				CLANG_WARN_STRICT_PROTOTYPES = YES;
				CLANG_WARN_SUSPICIOUS_MOVE = YES;
				CLANG_WARN_UNGUARDED_AVAILABILITY = YES_AGGRESSIVE;
				CLANG_WARN_UNREACHABLE_CODE = YES;
				CLANG_WARN__DUPLICATE_METHOD_MATCH = YES;
				COPY_PHASE_STRIP = NO;
				DEBUG_INFORMATION_FORMAT = "dwarf-with-dsym";
				ENABLE_NS_ASSERTIONS = NO;
				ENABLE_STRICT_OBJC_MSGSEND = YES;
				ENABLE_USER_SCRIPT_SANDBOXING = YES;
				GCC_C_LANGUAGE_STANDARD = gnu17;
				GCC_NO_COMMON_BLOCKS = YES;
				GCC_WARN_64_TO_32_BIT_CONVERSION = YES;
				GCC_WARN_ABOUT_RETURN_TYPE = YES_ERROR;
				GCC_WARN_UNDECLARED_SELECTOR = YES;
				GCC_WARN_UNINITIALIZED_AUTOS = YES_AGGRESSIVE;
				GCC_WARN_UNUSED_FUNCTION = YES;
				GCC_WARN_UNUSED_VARIABLE = YES;
				IPHONEOS_DEPLOYMENT_TARGET = 18.2;
				LOCALIZATION_PREFERS_STRING_CATALOGS = YES;
				MTL_ENABLE_DEBUG_INFO = NO;
				MTL_FAST_MATH = YES;
				SDKROOT = iphoneos;
				SWIFT_COMPILATION_MODE = wholemodule;
				VALIDATE_PRODUCT = YES;
			};
			name = Release;
		};
		4195CC702F4C94E30068C5F2 /* Debug */ = {
			isa = XCBuildConfiguration;
			buildSettings = {
				ASSETCATALOG_COMPILER_APPICON_NAME = AppIcon;
				ASSETCATALOG_COMPILER_GLOBAL_ACCENT_COLOR_NAME = AccentColor;
				CODE_SIGN_ENTITLEMENTS = BookadinkV2/BookadinkV2.entitlements;
				CODE_SIGN_STYLE = Automatic;
				CURRENT_PROJECT_VERSION = 1;
				DEVELOPMENT_ASSET_PATHS = "\"BookadinkV2/Preview Content\"";
				DEVELOPMENT_TEAM = NHFZ8ACDU6;
				ENABLE_PREVIEWS = YES;
				GENERATE_INFOPLIST_FILE = YES;
				INFOPLIST_FILE = BookadinkV2/Info.plist;
				INFOPLIST_KEY_NSCalendarsFullAccessUsageDescription = "Book a dink uses your calendar to add and remove booked pickleball games.";
				INFOPLIST_KEY_NSCalendarsUsageDescription = "Book a dink uses your calendar to add and remove booked pickleball games.";
				INFOPLIST_KEY_NSCalendarsWriteOnlyAccessUsageDescription = "Book a dink uses your calendar to add booked pickleball games.";
				INFOPLIST_KEY_NSCameraUsageDescription = "Book a dink uses the camera so you can post photos in Club News.";
				INFOPLIST_KEY_NSPhotoLibraryUsageDescription = "Book a dink uses your photo library so you can attach images to Club News posts.";
				INFOPLIST_KEY_UIApplicationSceneManifest_Generation = YES;
				INFOPLIST_KEY_UIApplicationSupportsIndirectInputEvents = YES;
				INFOPLIST_KEY_UILaunchScreen_Generation = YES;
				INFOPLIST_KEY_UISupportedInterfaceOrientations_iPad = "UIInterfaceOrientationPortrait UIInterfaceOrientationPortraitUpsideDown UIInterfaceOrientationLandscapeLeft UIInterfaceOrientationLandscapeRight";
				INFOPLIST_KEY_UISupportedInterfaceOrientations_iPhone = "UIInterfaceOrientationPortrait UIInterfaceOrientationLandscapeLeft UIInterfaceOrientationLandscapeRight";
				IPHONEOS_DEPLOYMENT_TARGET = 17.6;
				LD_RUNPATH_SEARCH_PATHS = (
					"$(inherited)",
					"@executable_path/Frameworks",
				);
				MARKETING_VERSION = 1.0;
				PRODUCT_BUNDLE_IDENTIFIER = Brayden.BookadinkV2;
				PRODUCT_NAME = "$(TARGET_NAME)";
				SWIFT_EMIT_LOC_STRINGS = YES;
				SWIFT_VERSION = 5.0;
				TARGETED_DEVICE_FAMILY = "1,2";
			};
			name = Debug;
		};
		4195CC712F4C94E30068C5F2 /* Release */ = {
			isa = XCBuildConfiguration;
			buildSettings = {
				ASSETCATALOG_COMPILER_APPICON_NAME = AppIcon;
				ASSETCATALOG_COMPILER_GLOBAL_ACCENT_COLOR_NAME = AccentColor;
				CODE_SIGN_ENTITLEMENTS = BookadinkV2/BookadinkV2.entitlements;
				CODE_SIGN_STYLE = Automatic;
				CURRENT_PROJECT_VERSION = 1;
				DEVELOPMENT_ASSET_PATHS = "\"BookadinkV2/Preview Content\"";
				DEVELOPMENT_TEAM = NHFZ8ACDU6;
				ENABLE_PREVIEWS = YES;
				GENERATE_INFOPLIST_FILE = YES;
				INFOPLIST_FILE = BookadinkV2/Info.plist;
				INFOPLIST_KEY_NSCalendarsFullAccessUsageDescription = "Book a dink uses your calendar to add and remove booked pickleball games.";
				INFOPLIST_KEY_NSCalendarsUsageDescription = "Book a dink uses your calendar to add and remove booked pickleball games.";
				INFOPLIST_KEY_NSCalendarsWriteOnlyAccessUsageDescription = "Book a dink uses your calendar to add booked pickleball games.";
				INFOPLIST_KEY_NSCameraUsageDescription = "Book a dink uses the camera so you can post photos in Club News.";
				INFOPLIST_KEY_NSPhotoLibraryUsageDescription = "Book a dink uses your photo library so you can attach images to Club News posts.";
				INFOPLIST_KEY_UIApplicationSceneManifest_Generation = YES;
				INFOPLIST_KEY_UIApplicationSupportsIndirectInputEvents = YES;
				INFOPLIST_KEY_UILaunchScreen_Generation = YES;
				INFOPLIST_KEY_UISupportedInterfaceOrientations_iPad = "UIInterfaceOrientationPortrait UIInterfaceOrientationPortraitUpsideDown UIInterfaceOrientationLandscapeLeft UIInterfaceOrientationLandscapeRight";
				INFOPLIST_KEY_UISupportedInterfaceOrientations_iPhone = "UIInterfaceOrientationPortrait UIInterfaceOrientationLandscapeLeft UIInterfaceOrientationLandscapeRight";
				IPHONEOS_DEPLOYMENT_TARGET = 17.6;
				LD_RUNPATH_SEARCH_PATHS = (
					"$(inherited)",
					"@executable_path/Frameworks",
				);
				MARKETING_VERSION = 1.0;
				PRODUCT_BUNDLE_IDENTIFIER = Brayden.BookadinkV2;
				PRODUCT_NAME = "$(TARGET_NAME)";
				SWIFT_EMIT_LOC_STRINGS = YES;
				SWIFT_VERSION = 5.0;
				TARGETED_DEVICE_FAMILY = "1,2";
			};
			name = Release;
		};
		4195CC732F4C94E30068C5F2 /* Debug */ = {
			isa = XCBuildConfiguration;
			buildSettings = {
				BUNDLE_LOADER = "$(TEST_HOST)";
				CODE_SIGN_STYLE = Automatic;
				CURRENT_PROJECT_VERSION = 1;
				DEVELOPMENT_TEAM = NHFZ8ACDU6;
				GENERATE_INFOPLIST_FILE = YES;
				IPHONEOS_DEPLOYMENT_TARGET = 18.2;
				MARKETING_VERSION = 1.0;
				PRODUCT_BUNDLE_IDENTIFIER = Brayden.BookadinkV2Tests;
				PRODUCT_NAME = "$(TARGET_NAME)";
				SWIFT_EMIT_LOC_STRINGS = NO;
				SWIFT_VERSION = 5.0;
				TARGETED_DEVICE_FAMILY = "1,2";
				TEST_HOST = "$(BUILT_PRODUCTS_DIR)/BookadinkV2.app/$(BUNDLE_EXECUTABLE_FOLDER_PATH)/BookadinkV2";
			};
			name = Debug;
		};
		4195CC742F4C94E30068C5F2 /* Release */ = {
			isa = XCBuildConfiguration;
			buildSettings = {
				BUNDLE_LOADER = "$(TEST_HOST)";
				CODE_SIGN_STYLE = Automatic;
				CURRENT_PROJECT_VERSION = 1;
				DEVELOPMENT_TEAM = NHFZ8ACDU6;
				GENERATE_INFOPLIST_FILE = YES;
				IPHONEOS_DEPLOYMENT_TARGET = 18.2;
				MARKETING_VERSION = 1.0;
				PRODUCT_BUNDLE_IDENTIFIER = Brayden.BookadinkV2Tests;
				PRODUCT_NAME = "$(TARGET_NAME)";
				SWIFT_EMIT_LOC_STRINGS = NO;
				SWIFT_VERSION = 5.0;
				TARGETED_DEVICE_FAMILY = "1,2";
				TEST_HOST = "$(BUILT_PRODUCTS_DIR)/BookadinkV2.app/$(BUNDLE_EXECUTABLE_FOLDER_PATH)/BookadinkV2";
			};
			name = Release;
		};
		4195CC762F4C94E30068C5F2 /* Debug */ = {
			isa = XCBuildConfiguration;
			buildSettings = {
				CODE_SIGN_STYLE = Automatic;
				CURRENT_PROJECT_VERSION = 1;
				DEVELOPMENT_TEAM = NHFZ8ACDU6;
				GENERATE_INFOPLIST_FILE = YES;
				MARKETING_VERSION = 1.0;
				PRODUCT_BUNDLE_IDENTIFIER = Brayden.BookadinkV2UITests;
				PRODUCT_NAME = "$(TARGET_NAME)";
				SWIFT_EMIT_LOC_STRINGS = NO;
				SWIFT_VERSION = 5.0;
				TARGETED_DEVICE_FAMILY = "1,2";
				TEST_TARGET_NAME = BookadinkV2;
			};
			name = Debug;
		};
		4195CC772F4C94E30068C5F2 /* Release */ = {
			isa = XCBuildConfiguration;
			buildSettings = {
				CODE_SIGN_STYLE = Automatic;
				CURRENT_PROJECT_VERSION = 1;
				DEVELOPMENT_TEAM = NHFZ8ACDU6;
				GENERATE_INFOPLIST_FILE = YES;
				MARKETING_VERSION = 1.0;
				PRODUCT_BUNDLE_IDENTIFIER = Brayden.BookadinkV2UITests;
				PRODUCT_NAME = "$(TARGET_NAME)";
				SWIFT_EMIT_LOC_STRINGS = NO;
				SWIFT_VERSION = 5.0;
				TARGETED_DEVICE_FAMILY = "1,2";
				TEST_TARGET_NAME = BookadinkV2;
			};
			name = Release;
		};
/* End XCBuildConfiguration section */

/* Begin XCConfigurationList section */
		4195CC462F4C94E20068C5F2 /* Build configuration list for PBXProject "BookadinkV2" */ = {
			isa = XCConfigurationList;
			buildConfigurations = (
				4195CC6D2F4C94E30068C5F2 /* Debug */,
				4195CC6E2F4C94E30068C5F2 /* Release */,
			);
			defaultConfigurationIsVisible = 0;
			defaultConfigurationName = Release;
		};
		4195CC6F2F4C94E30068C5F2 /* Build configuration list for PBXNativeTarget "BookadinkV2" */ = {
			isa = XCConfigurationList;
			buildConfigurations = (
				4195CC702F4C94E30068C5F2 /* Debug */,
				4195CC712F4C94E30068C5F2 /* Release */,
			);
			defaultConfigurationIsVisible = 0;
			defaultConfigurationName = Release;
		};
		4195CC722F4C94E30068C5F2 /* Build configuration list for PBXNativeTarget "BookadinkV2Tests" */ = {
			isa = XCConfigurationList;
			buildConfigurations = (
				4195CC732F4C94E30068C5F2 /* Debug */,
				4195CC742F4C94E30068C5F2 /* Release */,
			);
			defaultConfigurationIsVisible = 0;
			defaultConfigurationName = Release;
		};
		4195CC752F4C94E30068C5F2 /* Build configuration list for PBXNativeTarget "BookadinkV2UITests" */ = {
			isa = XCConfigurationList;
			buildConfigurations = (
				4195CC762F4C94E30068C5F2 /* Debug */,
				4195CC772F4C94E30068C5F2 /* Release */,
			);
			defaultConfigurationIsVisible = 0;
			defaultConfigurationName = Release;
		};
/* End XCConfigurationList section */

/* Begin XCRemoteSwiftPackageReference section */
		41B453FF2F74307800AA272A /* XCRemoteSwiftPackageReference "stripe-ios" */ = {
			isa = XCRemoteSwiftPackageReference;
			repositoryURL = "https://github.com/stripe/stripe-ios";
			requirement = {
				kind = upToNextMajorVersion;
				minimumVersion = 25.8.0;
			};
		};
/* End XCRemoteSwiftPackageReference section */

/* Begin XCSwiftPackageProductDependency section */
		41B454012F74342400AA272A /* StripePaymentSheet */ = {
			isa = XCSwiftPackageProductDependency;
			package = 41B453FF2F74307800AA272A /* XCRemoteSwiftPackageReference "stripe-ios" */;
			productName = StripePaymentSheet;
		};
/* End XCSwiftPackageProductDependency section */
	};
	rootObject = 4195CC432F4C94E20068C5F2 /* Project object */;
}
